// !$*UTF8*$!
{
	archiveVersion = 1;
	classes = {
	};
	objectVersion = 46;
	objects = {

/* Begin PBXBuildFile section */
		4576CF741B5DE1700086624C /* main.m in Sources */ = {isa = PBXBuildFile; fileRef = 4576CF731B5DE1700086624C /* main.m */; };
		4576CF771B5DE1700086624C /* AppDelegate.m in Sources */ = {isa = PBXBuildFile; fileRef = 4576CF761B5DE1700086624C /* AppDelegate.m */; };
		4576CF7A1B5DE1700086624C /* ViewController.m in Sources */ = {isa = PBXBuildFile; fileRef = 4576CF791B5DE1700086624C /* ViewController.m */; };
		4576CF7D1B5DE1710086624C /* Main.storyboard in Resources */ = {isa = PBXBuildFile; fileRef = 4576CF7B1B5DE1710086624C /* Main.storyboard */; };
		4576CF7F1B5DE1710086624C /* Images.xcassets in Resources */ = {isa = PBXBuildFile; fileRef = 4576CF7E1B5DE1710086624C /* Images.xcassets */; };
		4576CF821B5DE1710086624C /* LaunchScreen.xib in Resources */ = {isa = PBXBuildFile; fileRef = 4576CF801B5DE1710086624C /* LaunchScreen.xib */; };
		4576CF8E1B5DE1710086624C /* ___Tests.m in Sources */ = {isa = PBXBuildFile; fileRef = 4576CF8D1B5DE1710086624C /* ___Tests.m */; };
/* End PBXBuildFile section */

/* Begin PBXContainerItemProxy section */
		4576CF881B5DE1710086624C /* PBXContainerItemProxy */ = {
			isa = PBXContainerItemProxy;
			containerPortal = 4576CF661B5DE1700086624C /* Project object */;
			proxyType = 1;
			remoteGlobalIDString = 4576CF6D1B5DE1700086624C;
			remoteInfo = "优运动";
		};
/* End PBXContainerItemProxy section */

/* Begin PBXFileReference section */
		4576CF6E1B5DE1700086624C /* 优运动.app */ = {isa = PBXFileReference; explicitFileType = wrapper.application; includeInIndex = 0; path = "优运动.app"; sourceTree = BUILT_PRODUCTS_DIR; };
		4576CF721B5DE1700086624C /* Info.plist */ = {isa = PBXFileReference; lastKnownFileType = text.plist.xml; path = Info.plist; sourceTree = "<group>"; };
		4576CF731B5DE1700086624C /* main.m */ = {isa = PBXFileReference; lastKnownFileType = sourcecode.c.objc; path = main.m; sourceTree = "<group>"; };
		4576CF751B5DE1700086624C /* AppDelegate.h */ = {isa = PBXFileReference; lastKnownFileType = sourcecode.c.h; path = AppDelegate.h; sourceTree = "<group>"; };
		4576CF761B5DE1700086624C /* AppDelegate.m */ = {isa = PBXFileReference; lastKnownFileType = sourcecode.c.objc; path = AppDelegate.m; sourceTree = "<group>"; };
		4576CF781B5DE1700086624C /* ViewController.h */ = {isa = PBXFileReference; lastKnownFileType = sourcecode.c.h; path = ViewController.h; sourceTree = "<group>"; };
		4576CF791B5DE1700086624C /* ViewController.m */ = {isa = PBXFileReference; lastKnownFileType = sourcecode.c.objc; path = ViewController.m; sourceTree = "<group>"; };
		4576CF7C1B5DE1710086624C /* Base */ = {isa = PBXFileReference; lastKnownFileType = file.storyboard; name = Base; path = Base.lproj/Main.storyboard; sourceTree = "<group>"; };
		4576CF7E1B5DE1710086624C /* Images.xcassets */ = {isa = PBXFileReference; lastKnownFileType = folder.assetcatalog; path = Images.xcassets; sourceTree = "<group>"; };
		4576CF811B5DE1710086624C /* Base */ = {isa = PBXFileReference; lastKnownFileType = file.xib; name = Base; path = Base.lproj/LaunchScreen.xib; sourceTree = "<group>"; };
		4576CF871B5DE1710086624C /* 优运动Tests.xctest */ = {isa = PBXFileReference; explicitFileType = wrapper.cfbundle; includeInIndex = 0; path = "优运动Tests.xctest"; sourceTree = BUILT_PRODUCTS_DIR; };
		4576CF8C1B5DE1710086624C /* Info.plist */ = {isa = PBXFileReference; lastKnownFileType = text.plist.xml; path = Info.plist; sourceTree = "<group>"; };
		4576CF8D1B5DE1710086624C /* ___Tests.m */ = {isa = PBXFileReference; lastKnownFileType = sourcecode.c.objc; path = "___Tests.m"; sourceTree = "<group>"; };
/* End PBXFileReference section */

/* Begin PBXFrameworksBuildPhase section */
		4576CF6B1B5DE1700086624C /* Frameworks */ = {
			isa = PBXFrameworksBuildPhase;
			buildActionMask = 2147483647;
			files = (
			);
			runOnlyForDeploymentPostprocessing = 0;
		};
		4576CF841B5DE1710086624C /* Frameworks */ = {
			isa = PBXFrameworksBuildPhase;
			buildActionMask = 2147483647;
			files = (
			);
			runOnlyForDeploymentPostprocessing = 0;
		};
/* End PBXFrameworksBuildPhase section */

/* Begin PBXGroup section */
		4576CF651B5DE1700086624C = {
			isa = PBXGroup;
			children = (
				4576CF701B5DE1700086624C /* 优运动 */,
				4576CF8A1B5DE1710086624C /* 优运动Tests */,
				4576CF6F1B5DE1700086624C /* Products */,
			);
			sourceTree = "<group>";
		};
		4576CF6F1B5DE1700086624C /* Products */ = {
			isa = PBXGroup;
			children = (
				4576CF6E1B5DE1700086624C /* 优运动.app */,
				4576CF871B5DE1710086624C /* 优运动Tests.xctest */,
			);
			name = Products;
			sourceTree = "<group>";
		};
		4576CF701B5DE1700086624C /* 优运动 */ = {
			isa = PBXGroup;
			children = (
				4576CF751B5DE1700086624C /* AppDelegate.h */,
				4576CF761B5DE1700086624C /* AppDelegate.m */,
				4576CF781B5DE1700086624C /* ViewController.h */,
				4576CF791B5DE1700086624C /* ViewController.m */,
				4576CF7B1B5DE1710086624C /* Main.storyboard */,
				4576CF7E1B5DE1710086624C /* Images.xcassets */,
				4576CF801B5DE1710086624C /* LaunchScreen.xib */,
				4576CF711B5DE1700086624C /* Supporting Files */,
			);
			path = "优运动";
			sourceTree = "<group>";
		};
		4576CF711B5DE1700086624C /* Supporting Files */ = {
			isa = PBXGroup;
			children = (
				4576CF721B5DE1700086624C /* Info.plist */,
				4576CF731B5DE1700086624C /* main.m */,
			);
			name = "Supporting Files";
			sourceTree = "<group>";
		};
		4576CF8A1B5DE1710086624C /* 优运动Tests */ = {
			isa = PBXGroup;
			children = (
				4576CF8D1B5DE1710086624C /* ___Tests.m */,
				4576CF8B1B5DE1710086624C /* Supporting Files */,
			);
			path = "优运动Tests";
			sourceTree = "<group>";
		};
		4576CF8B1B5DE1710086624C /* Supporting Files */ = {
			isa = PBXGroup;
			children = (
				4576CF8C1B5DE1710086624C /* Info.plist */,
			);
			name = "Supporting Files";
			sourceTree = "<group>";
		};
/* End PBXGroup section */

/* Begin PBXNativeTarget section */
		4576CF6D1B5DE1700086624C /* 优运动 */ = {
			isa = PBXNativeTarget;
			buildConfigurationList = 4576CF911B5DE1710086624C /* Build configuration list for PBXNativeTarget "优运动" */;
			buildPhases = (
				4576CF6A1B5DE1700086624C /* Sources */,
				4576CF6B1B5DE1700086624C /* Frameworks */,
				4576CF6C1B5DE1700086624C /* Resources */,
			);
			buildRules = (
			);
			dependencies = (
			);
			name = "优运动";
			productName = "优运动";
			productReference = 4576CF6E1B5DE1700086624C /* 优运动.app */;
			productType = "com.apple.product-type.application";
		};
		4576CF861B5DE1710086624C /* 优运动Tests */ = {
			isa = PBXNativeTarget;
			buildConfigurationList = 4576CF941B5DE1710086624C /* Build configuration list for PBXNativeTarget "优运动Tests" */;
			buildPhases = (
				4576CF831B5DE1710086624C /* Sources */,
				4576CF841B5DE1710086624C /* Frameworks */,
				4576CF851B5DE1710086624C /* Resources */,
			);
			buildRules = (
			);
			dependencies = (
				4576CF891B5DE1710086624C /* PBXTargetDependency */,
			);
			name = "优运动Tests";
			productName = "优运动Tests";
			productReference = 4576CF871B5DE1710086624C /* 优运动Tests.xctest */;
			productType = "com.apple.product-type.bundle.unit-test";
		};
/* End PBXNativeTarget section */

/* Begin PBXProject section */
		4576CF661B5DE1700086624C /* Project object */ = {
			isa = PBXProject;
			attributes = {
				LastUpgradeCheck = 0640;
				ORGANIZATIONNAME = samyang;
				TargetAttributes = {
					4576CF6D1B5DE1700086624C = {
						CreatedOnToolsVersion = 6.4;
					};
					4576CF861B5DE1710086624C = {
						CreatedOnToolsVersion = 6.4;
						TestTargetID = 4576CF6D1B5DE1700086624C;
					};
				};
			};
			buildConfigurationList = 4576CF691B5DE1700086624C /* Build configuration list for PBXProject "优运动" */;
			compatibilityVersion = "Xcode 3.2";
			developmentRegion = English;
			hasScannedForEncodings = 0;
			knownRegions = (
				en,
				Base,
			);
			mainGroup = 4576CF651B5DE1700086624C;
			productRefGroup = 4576CF6F1B5DE1700086624C /* Products */;
			projectDirPath = "";
			projectRoot = "";
			targets = (
				4576CF6D1B5DE1700086624C /* 优运动 */,
				4576CF861B5DE1710086624C /* 优运动Tests */,
			);
		};
/* End PBXProject section */

/* Begin PBXResourcesBuildPhase section */
		4576CF6C1B5DE1700086624C /* Resources */ = {
			isa = PBXResourcesBuildPhase;
			buildActionMask = 2147483647;
			files = (
				4576CF7D1B5DE1710086624C /* Main.storyboard in Resources */,
				4576CF821B5DE1710086624C /* LaunchScreen.xib in Resources */,
				4576CF7F1B5DE1710086624C /* Images.xcassets in Resources */,
			);
			runOnlyForDeploymentPostprocessing = 0;
		};
		4576CF851B5DE1710086624C /* Resources */ = {
			isa = PBXResourcesBuildPhase;
			buildActionMask = 2147483647;
			files = (
			);
			runOnlyForDeploymentPostprocessing = 0;
		};
/* End PBXResourcesBuildPhase section */

/* Begin PBXSourcesBuildPhase section */
		4576CF6A1B5DE1700086624C /* Sources */ = {
			isa = PBXSourcesBuildPhase;
			buildActionMask = 2147483647;
			files = (
				4576CF7A1B5DE1700086624C /* ViewController.m in Sources */,
				4576CF771B5DE1700086624C /* AppDelegate.m in Sources */,
				4576CF741B5DE1700086624C /* main.m in Sources */,
			);
			runOnlyForDeploymentPostprocessing = 0;
		};
		4576CF831B5DE1710086624C /* Sources */ = {
			isa = PBXSourcesBuildPhase;
			buildActionMask = 2147483647;
			files = (
				4576CF8E1B5DE1710086624C /* ___Tests.m in Sources */,
			);
			runOnlyForDeploymentPostprocessing = 0;
		};
/* End PBXSourcesBuildPhase section */

/* Begin PBXTargetDependency section */
		4576CF891B5DE1710086624C /* PBXTargetDependency */ = {
			isa = PBXTargetDependency;
			target = 4576CF6D1B5DE1700086624C /* 优运动 */;
			targetProxy = 4576CF881B5DE1710086624C /* PBXContainerItemProxy */;
		};
/* End PBXTargetDependency section */

/* Begin PBXVariantGroup section */
		4576CF7B1B5DE1710086624C /* Main.storyboard */ = {
			isa = PBXVariantGroup;
			children = (
				4576CF7C1B5DE1710086624C /* Base */,
			);
			name = Main.storyboard;
			sourceTree = "<group>";
		};
		4576CF801B5DE1710086624C /* LaunchScreen.xib */ = {
			isa = PBXVariantGroup;
			children = (
				4576CF811B5DE1710086624C /* Base */,
			);
			name = LaunchScreen.xib;
			sourceTree = "<group>";
		};
/* End PBXVariantGroup section */

/* Begin XCBuildConfiguration section */
		4576CF8F1B5DE1710086624C /* Debug */ = {
			isa = XCBuildConfiguration;
			buildSettings = {
				ALWAYS_SEARCH_USER_PATHS = NO;
				CLANG_CXX_LANGUAGE_STANDARD = "gnu++0x";
				CLANG_CXX_LIBRARY = "libc++";
				CLANG_ENABLE_MODULES = YES;
				CLANG_ENABLE_OBJC_ARC = YES;
				CLANG_WARN_BOOL_CONVERSION = YES;
				CLANG_WARN_CONSTANT_CONVERSION = YES;
				CLANG_WARN_DIRECT_OBJC_ISA_USAGE = YES_ERROR;
				CLANG_WARN_EMPTY_BODY = YES;
				CLANG_WARN_ENUM_CONVERSION = YES;
				CLANG_WARN_INT_CONVERSION = YES;
				CLANG_WARN_OBJC_ROOT_CLASS = YES_ERROR;
				CLANG_WARN_UNREACHABLE_CODE = YES;
				CLANG_WARN__DUPLICATE_METHOD_MATCH = YES;
				"CODE_SIGN_IDENTITY[sdk=iphoneos*]" = "iPhone Developer";
				COPY_PHASE_STRIP = NO;
				DEBUG_INFORMATION_FORMAT = "dwarf-with-dsym";
				ENABLE_STRICT_OBJC_MSGSEND = YES;
				GCC_C_LANGUAGE_STANDARD = gnu99;
				GCC_DYNAMIC_NO_PIC = NO;
				GCC_NO_COMMON_BLOCKS = YES;
				GCC_OPTIMIZATION_LEVEL = 0;
				GCC_PREPROCESSOR_DEFINITIONS = (
					"DEBUG=1",
					"$(inherited)",
				);
				GCC_SYMBOLS_PRIVATE_EXTERN = NO;
				GCC_WARN_64_TO_32_BIT_CONVERSION = YES;
				GCC_WARN_ABOUT_RETURN_TYPE = YES_ERROR;
				GCC_WARN_UNDECLARED_SELECTOR = YES;
				GCC_WARN_UNINITIALIZED_AUTOS = YES_AGGRESSIVE;
				GCC_WARN_UNUSED_FUNCTION = YES;
				GCC_WARN_UNUSED_VARIABLE = YES;
				IPHONEOS_DEPLOYMENT_TARGET = 8.4;
				MTL_ENABLE_DEBUG_INFO = YES;
				ONLY_ACTIVE_ARCH = YES;
				SDKROOT = iphoneos;
			};
			name = Debug;
		};
		4576CF901B5DE1710086624C /* Release */ = {
			isa = XCBuildConfiguration;
			buildSettings = {
				ALWAYS_SEARCH_USER_PATHS = NO;
				CLANG_CXX_LANGUAGE_STANDARD = "gnu++0x";
				CLANG_CXX_LIBRARY = "libc++";
				CLANG_ENABLE_MODULES = YES;
				CLANG_ENABLE_OBJC_ARC = YES;
				CLANG_WARN_BOOL_CONVERSION = YES;
				CLANG_WARN_CONSTANT_CONVERSION = YES;
				CLANG_WARN_DIRECT_OBJC_ISA_USAGE = YES_ERROR;
				CLANG_WARN_EMPTY_BODY = YES;
				CLANG_WARN_ENUM_CONVERSION = YES;
				CLANG_WARN_INT_CONVERSION = YES;
				CLANG_WARN_OBJC_ROOT_CLASS = YES_ERROR;
				CLANG_WARN_UNREACHABLE_CODE = YES;
				CLANG_WARN__DUPLICATE_METHOD_MATCH = YES;
				"CODE_SIGN_IDENTITY[sdk=iphoneos*]" = "iPhone Developer";
				COPY_PHASE_STRIP = NO;
				DEBUG_INFORMATION_FORMAT = "dwarf-with-dsym";
				ENABLE_NS_ASSERTIONS = NO;
				ENABLE_STRICT_OBJC_MSGSEND = YES;
				GCC_C_LANGUAGE_STANDARD = gnu99;
				GCC_NO_COMMON_BLOCKS = YES;
				GCC_WARN_64_TO_32_BIT_CONVERSION = YES;
				GCC_WARN_ABOUT_RETURN_TYPE = YES_ERROR;
				GCC_WARN_UNDECLARED_SELECTOR = YES;
				GCC_WARN_UNINITIALIZED_AUTOS = YES_AGGRESSIVE;
				GCC_WARN_UNUSED_FUNCTION = YES;
				GCC_WARN_UNUSED_VARIABLE = YES;
				IPHONEOS_DEPLOYMENT_TARGET = 8.4;
				MTL_ENABLE_DEBUG_INFO = NO;
				SDKROOT = iphoneos;
				VALIDATE_PRODUCT = YES;
			};
			name = Release;
		};
		4576CF921B5DE1710086624C /* Debug */ = {
			isa = XCBuildConfiguration;
			buildSettings = {
				ASSETCATALOG_COMPILER_APPICON_NAME = AppIcon;
				INFOPLIST_FILE = "优运动/Info.plist";
				LD_RUNPATH_SEARCH_PATHS = "$(inherited) @executable_path/Frameworks";
				PRODUCT_NAME = "$(TARGET_NAME)";
			};
			name = Debug;
		};
		4576CF931B5DE1710086624C /* Release */ = {
			isa = XCBuildConfiguration;
			buildSettings = {
				ASSETCATALOG_COMPILER_APPICON_NAME = AppIcon;
				INFOPLIST_FILE = "优运动/Info.plist";
				LD_RUNPATH_SEARCH_PATHS = "$(inherited) @executable_path/Frameworks";
				PRODUCT_NAME = "$(TARGET_NAME)";
			};
			name = Release;
		};
		4576CF951B5DE1710086624C /* Debug */ = {
			isa = XCBuildConfiguration;
			buildSettings = {
				BUNDLE_LOADER = "$(TEST_HOST)";
				FRAMEWORK_SEARCH_PATHS = (
					"$(SDKROOT)/Developer/Library/Frameworks",
					"$(inherited)",
				);
				GCC_PREPROCESSOR_DEFINITIONS = (
					"DEBUG=1",
					"$(inherited)",
				);
				INFOPLIST_FILE = "优运动Tests/Info.plist";
				LD_RUNPATH_SEARCH_PATHS = "$(inherited) @executable_path/Frameworks @loader_path/Frameworks";
				PRODUCT_NAME = "$(TARGET_NAME)";
				TEST_HOST = "$(BUILT_PRODUCTS_DIR)/优运动.app/优运动";
			};
			name = Debug;
		};
		4576CF961B5DE1710086624C /* Release */ = {
			isa = XCBuildConfiguration;
			buildSettings = {
				BUNDLE_LOADER = "$(TEST_HOST)";
				FRAMEWORK_SEARCH_PATHS = (
					"$(SDKROOT)/Developer/Library/Frameworks",
					"$(inherited)",
				);
				INFOPLIST_FILE = "优运动Tests/Info.plist";
				LD_RUNPATH_SEARCH_PATHS = "$(inherited) @executable_path/Frameworks @loader_path/Frameworks";
				PRODUCT_NAME = "$(TARGET_NAME)";
				TEST_HOST = "$(BUILT_PRODUCTS_DIR)/优运动.app/优运动";
			};
			name = Release;
		};
/* End XCBuildConfiguration section */

/* Begin XCConfigurationList section */
		4576CF691B5DE1700086624C /* Build configuration list for PBXProject "优运动" */ = {
			isa = XCConfigurationList;
			buildConfigurations = (
				4576CF8F1B5DE1710086624C /* Debug */,
				4576CF901B5DE1710086624C /* Release */,
			);
			defaultConfigurationIsVisible = 0;
			defaultConfigurationName = Release;
		};
		4576CF911B5DE1710086624C /* Build configuration list for PBXNativeTarget "优运动" */ = {
			isa = XCConfigurationList;
			buildConfigurations = (
				4576CF921B5DE1710086624C /* Debug */,
				4576CF931B5DE1710086624C /* Release */,
			);
			defaultConfigurationIsVisible = 0;
		};
		4576CF941B5DE1710086624C /* Build configuration list for PBXNativeTarget "优运动Tests" */ = {
			isa = XCConfigurationList;
			buildConfigurations = (
				4576CF951B5DE1710086624C /* Debug */,
				4576CF961B5DE1710086624C /* Release */,
			);
			defaultConfigurationIsVisible = 0;
		};
/* End XCConfigurationList section */
	};
	rootObject = 4576CF661B5DE1700086624C /* Project object */;
}
